
Microsoft Visual Studio Solution File, Format Version 12.00
# Visual Studio 15
VisualStudioVersion = 15.0.33423.255
MinimumVisualStudioVersion = 10.0.40219.1
Project("{FAE04EC0-301F-11D3-BF4B-00C04F79EFBC}") = "Homework2", "Homework2\Homework2.csproj", "{58DB4D1D-BC88-44B3-813C-73E896B9C275}"
EndProject
Global
	GlobalSection(SolutionConfigurationPlatforms) = preSolution
		Debug|Any CPU = Debug|Any CPU
		Release|Any CPU = Release|Any CPU
	EndGlobalSection
	GlobalSection(ProjectConfigurationPlatforms) = postSolution
		{58DB4D1D-BC88-44B3-813C-73E896B9C275}.Debug|Any CPU.ActiveCfg = Debug|Any CPU
		{58DB4D1D-BC88-44B3-813C-73E896B9C275}.Debug|Any CPU.Build.0 = Debug|Any CPU
		{58DB4D1D-BC88-44B3-813C-73E896B9C275}.Release|Any CPU.ActiveCfg = Release|Any CPU
		{58DB4D1D-BC88-44B3-813C-73E896B9C275}.Release|Any CPU.Build.0 = Release|Any CPU
	EndGlobalSection
	GlobalSection(SolutionProperties) = preSolution
		HideSolutionNode = FALSE
	EndGlobalSection
	GlobalSection(ExtensibilityGlobals) = postSolution
		SolutionGuid = {C095D64E-06E9-47DE-B4C4-486F26547055}
	EndGlobalSection
EndGlobal
