
Microsoft Visual Studio Solution File, Format Version 12.00
# Visual Studio 15
VisualStudioVersion = 15.0.33423.255
MinimumVisualStudioVersion = 10.0.40219.1
Project("{FAE04EC0-301F-11D3-BF4B-00C04F79EFBC}") = "Homework1", "Homework1\Homework1.csproj", "{DBBCCC24-C60C-4350-B43C-1138AE603A0D}"
EndProject
Global
	GlobalSection(SolutionConfigurationPlatforms) = preSolution
		Debug|Any CPU = Debug|Any CPU
		Release|Any CPU = Release|Any CPU
	EndGlobalSection
	GlobalSection(ProjectConfigurationPlatforms) = postSolution
		{DBBCCC24-C60C-4350-B43C-1138AE603A0D}.Debug|Any CPU.ActiveCfg = Debug|Any CPU
		{DBBCCC24-C60C-4350-B43C-1138AE603A0D}.Debug|Any CPU.Build.0 = Debug|Any CPU
		{DBBCCC24-C60C-4350-B43C-1138AE603A0D}.Release|Any CPU.ActiveCfg = Release|Any CPU
		{DBBCCC24-C60C-4350-B43C-1138AE603A0D}.Release|Any CPU.Build.0 = Release|Any CPU
	EndGlobalSection
	GlobalSection(SolutionProperties) = preSolution
		HideSolutionNode = FALSE
	EndGlobalSection
	GlobalSection(ExtensibilityGlobals) = postSolution
		SolutionGuid = {0EB527CE-736B-43A7-969D-BC4A88F7C39A}
	EndGlobalSection
EndGlobal
