
Microsoft Visual Studio Solution File, Format Version 12.00
# Visual Studio 15
VisualStudioVersion = 15.0.33529.398
MinimumVisualStudioVersion = 10.0.40219.1
Project("{FAE04EC0-301F-11D3-BF4B-00C04F79EFBC}") = "Homework1", "Homework1\Homework1.csproj", "{55A8B33F-D0EF-44F6-A47E-40C1EA08FD42}"
EndProject
Project("{FAE04EC0-301F-11D3-BF4B-00C04F79EFBC}") = "Homework2", "Homework2\Homework2.csproj", "{84271A68-9F48-4A88-9322-045310711B4A}"
EndProject
Project("{FAE04EC0-301F-11D3-BF4B-00C04F79EFBC}") = "Homework3", "Homework3\Homework3.csproj", "{0D312F0C-FB39-4161-B6CF-43D309CE6856}"
EndProject
Global
	GlobalSection(SolutionConfigurationPlatforms) = preSolution
		Debug|Any CPU = Debug|Any CPU
		Release|Any CPU = Release|Any CPU
	EndGlobalSection
	GlobalSection(ProjectConfigurationPlatforms) = postSolution
		{55A8B33F-D0EF-44F6-A47E-40C1EA08FD42}.Debug|Any CPU.ActiveCfg = Debug|Any CPU
		{55A8B33F-D0EF-44F6-A47E-40C1EA08FD42}.Debug|Any CPU.Build.0 = Debug|Any CPU
		{55A8B33F-D0EF-44F6-A47E-40C1EA08FD42}.Release|Any CPU.ActiveCfg = Release|Any CPU
		{55A8B33F-D0EF-44F6-A47E-40C1EA08FD42}.Release|Any CPU.Build.0 = Release|Any CPU
		{84271A68-9F48-4A88-9322-045310711B4A}.Debug|Any CPU.ActiveCfg = Debug|Any CPU
		{84271A68-9F48-4A88-9322-045310711B4A}.Debug|Any CPU.Build.0 = Debug|Any CPU
		{84271A68-9F48-4A88-9322-045310711B4A}.Release|Any CPU.ActiveCfg = Release|Any CPU
		{84271A68-9F48-4A88-9322-045310711B4A}.Release|Any CPU.Build.0 = Release|Any CPU
		{0D312F0C-FB39-4161-B6CF-43D309CE6856}.Debug|Any CPU.ActiveCfg = Debug|Any CPU
		{0D312F0C-FB39-4161-B6CF-43D309CE6856}.Debug|Any CPU.Build.0 = Debug|Any CPU
		{0D312F0C-FB39-4161-B6CF-43D309CE6856}.Release|Any CPU.ActiveCfg = Release|Any CPU
		{0D312F0C-FB39-4161-B6CF-43D309CE6856}.Release|Any CPU.Build.0 = Release|Any CPU
	EndGlobalSection
	GlobalSection(SolutionProperties) = preSolution
		HideSolutionNode = FALSE
	EndGlobalSection
	GlobalSection(ExtensibilityGlobals) = postSolution
		SolutionGuid = {73802B67-6472-4C9C-8A2B-CF1A367EC1A6}
	EndGlobalSection
EndGlobal
