
Microsoft Visual Studio Solution File, Format Version 12.00
# Visual Studio 15
VisualStudioVersion = 15.0.33423.255
MinimumVisualStudioVersion = 10.0.40219.1
Project("{FAE04EC0-301F-11D3-BF4B-00C04F79EFBC}") = "Homework1", "Homework1\Homework1.csproj", "{382C4075-1B39-4576-85C2-EB8E71F82D90}"
EndProject
Global
	GlobalSection(SolutionConfigurationPlatforms) = preSolution
		Debug|Any CPU = Debug|Any CPU
		Release|Any CPU = Release|Any CPU
	EndGlobalSection
	GlobalSection(ProjectConfigurationPlatforms) = postSolution
		{382C4075-1B39-4576-85C2-EB8E71F82D90}.Debug|Any CPU.ActiveCfg = Debug|Any CPU
		{382C4075-1B39-4576-85C2-EB8E71F82D90}.Debug|Any CPU.Build.0 = Debug|Any CPU
		{382C4075-1B39-4576-85C2-EB8E71F82D90}.Release|Any CPU.ActiveCfg = Release|Any CPU
		{382C4075-1B39-4576-85C2-EB8E71F82D90}.Release|Any CPU.Build.0 = Release|Any CPU
	EndGlobalSection
	GlobalSection(SolutionProperties) = preSolution
		HideSolutionNode = FALSE
	EndGlobalSection
	GlobalSection(ExtensibilityGlobals) = postSolution
		SolutionGuid = {841B0548-56BA-4D95-AC66-F01AD36DC032}
	EndGlobalSection
EndGlobal
