
Microsoft Visual Studio Solution File, Format Version 12.00
# Visual Studio 15
VisualStudioVersion = 15.0.33529.398
MinimumVisualStudioVersion = 10.0.40219.1
Project("{FAE04EC0-301F-11D3-BF4B-00C04F79EFBC}") = "Homework2", "Homework2\Homework2.csproj", "{818B0032-3193-4513-98EF-602A09C55F68}"
EndProject
Global
	GlobalSection(SolutionConfigurationPlatforms) = preSolution
		Debug|Any CPU = Debug|Any CPU
		Release|Any CPU = Release|Any CPU
	EndGlobalSection
	GlobalSection(ProjectConfigurationPlatforms) = postSolution
		{818B0032-3193-4513-98EF-602A09C55F68}.Debug|Any CPU.ActiveCfg = Debug|Any CPU
		{818B0032-3193-4513-98EF-602A09C55F68}.Debug|Any CPU.Build.0 = Debug|Any CPU
		{818B0032-3193-4513-98EF-602A09C55F68}.Release|Any CPU.ActiveCfg = Release|Any CPU
		{818B0032-3193-4513-98EF-602A09C55F68}.Release|Any CPU.Build.0 = Release|Any CPU
	EndGlobalSection
	GlobalSection(SolutionProperties) = preSolution
		HideSolutionNode = FALSE
	EndGlobalSection
	GlobalSection(ExtensibilityGlobals) = postSolution
		SolutionGuid = {1AF85415-225A-403D-BDC9-4053436E41F2}
	EndGlobalSection
EndGlobal
