
Microsoft Visual Studio Solution File, Format Version 12.00
# Visual Studio 15
VisualStudioVersion = 15.0.33529.398
MinimumVisualStudioVersion = 10.0.40219.1
Project("{FAE04EC0-301F-11D3-BF4B-00C04F79EFBC}") = "Homework1", "Homework1\Homework1.csproj", "{4F2AE069-6186-4982-B970-79586DBB9232}"
EndProject
Global
	GlobalSection(SolutionConfigurationPlatforms) = preSolution
		Debug|Any CPU = Debug|Any CPU
		Release|Any CPU = Release|Any CPU
	EndGlobalSection
	GlobalSection(ProjectConfigurationPlatforms) = postSolution
		{4F2AE069-6186-4982-B970-79586DBB9232}.Debug|Any CPU.ActiveCfg = Debug|Any CPU
		{4F2AE069-6186-4982-B970-79586DBB9232}.Debug|Any CPU.Build.0 = Debug|Any CPU
		{4F2AE069-6186-4982-B970-79586DBB9232}.Release|Any CPU.ActiveCfg = Release|Any CPU
		{4F2AE069-6186-4982-B970-79586DBB9232}.Release|Any CPU.Build.0 = Release|Any CPU
	EndGlobalSection
	GlobalSection(SolutionProperties) = preSolution
		HideSolutionNode = FALSE
	EndGlobalSection
	GlobalSection(ExtensibilityGlobals) = postSolution
		SolutionGuid = {747C7FF0-8435-4989-BA8A-47FBA2EC9968}
	EndGlobalSection
EndGlobal
