
Microsoft Visual Studio Solution File, Format Version 12.00
# Visual Studio 15
VisualStudioVersion = 15.0.33423.255
MinimumVisualStudioVersion = 10.0.40219.1
Project("{FAE04EC0-301F-11D3-BF4B-00C04F79EFBC}") = "Homework3", "Homework3\Homework3.csproj", "{A5ACEC6D-FA0C-4B14-8CE5-F75D4AD4BE34}"
EndProject
Global
	GlobalSection(SolutionConfigurationPlatforms) = preSolution
		Debug|Any CPU = Debug|Any CPU
		Release|Any CPU = Release|Any CPU
	EndGlobalSection
	GlobalSection(ProjectConfigurationPlatforms) = postSolution
		{A5ACEC6D-FA0C-4B14-8CE5-F75D4AD4BE34}.Debug|Any CPU.ActiveCfg = Debug|Any CPU
		{A5ACEC6D-FA0C-4B14-8CE5-F75D4AD4BE34}.Debug|Any CPU.Build.0 = Debug|Any CPU
		{A5ACEC6D-FA0C-4B14-8CE5-F75D4AD4BE34}.Release|Any CPU.ActiveCfg = Release|Any CPU
		{A5ACEC6D-FA0C-4B14-8CE5-F75D4AD4BE34}.Release|Any CPU.Build.0 = Release|Any CPU
	EndGlobalSection
	GlobalSection(SolutionProperties) = preSolution
		HideSolutionNode = FALSE
	EndGlobalSection
	GlobalSection(ExtensibilityGlobals) = postSolution
		SolutionGuid = {A0ADB760-78AA-4293-87FC-E0417CA09776}
	EndGlobalSection
EndGlobal
